
Microsoft Visual Studio Solution File, Format Version 12.00
# Visual Studio Version 16
VisualStudioVersion = 16.0.29403.142
MinimumVisualStudioVersion = 10.0.40219.1
Project("{9A19103F-16F7-4668-BE54-9A1E7A4F7556}") = "HelloWorldWeb", "HelloWorldWeb\HelloWorldWeb.csproj", "{EEB7E905-BD59-4CB5-88DA-447905AB2D0E}"
EndProject
Project("{9A19103F-16F7-4668-BE54-9A1E7A4F7556}") = "HelloWorldConsole", "HelloWorldConsole\HelloWorldConsole.csproj", "{8FBFCA20-99EA-49E2-8AA4-E3F58FB27F32}"
EndProject
Project("{9A19103F-16F7-4668-BE54-9A1E7A4F7556}") = "HelloWorldMVC", "HelloWorldMVC\HelloWorldMVC.csproj", "{37DEF600-AA91-469D-A8B9-505F4FB7719E}"
EndProject
Project("{9A19103F-16F7-4668-BE54-9A1E7A4F7556}") = "HelloWorldWebApi", "HelloWorldWebApi\HelloWorldWebApi.csproj", "{EB2D9CDB-2DB5-4ADE-8C2C-B59E29E3B1C8}"
EndProject
Project("{2150E333-8FDC-42A3-9474-1A3956D46DE8}") = "HelloWorld", "HelloWorld", "{669A410C-C70B-4584-8EA2-7F3CA53B25D0}"
EndProject
Project("{9A19103F-16F7-4668-BE54-9A1E7A4F7556}") = "DIDemo", "DIDemo\DIDemo.csproj", "{17002CC1-B1E7-44B3-A7F3-EC75367798B8}"
EndProject
Project("{2150E333-8FDC-42A3-9474-1A3956D46DE8}") = "DI", "DI", "{BA8854EA-133B-412B-8B9E-BE0650D5F463}"
EndProject
Project("{9A19103F-16F7-4668-BE54-9A1E7A4F7556}") = "DIDemo2", "DIDemo2\DIDemo2.csproj", "{92178D86-5BD1-49B2-97EE-ABBB4EECA8AC}"
EndProject
Project("{2150E333-8FDC-42A3-9474-1A3956D46DE8}") = "File", "File", "{8AAD42EA-F85B-4E56-835F-3F46C2EE1853}"
EndProject
Project("{9A19103F-16F7-4668-BE54-9A1E7A4F7556}") = "FileDemo1", "FileDemo1\FileDemo1.csproj", "{C5BB0D69-8C03-434B-A375-8C5D846A8954}"
EndProject
Project("{9A19103F-16F7-4668-BE54-9A1E7A4F7556}") = "FileDemo2", "FileDemo2\FileDemo2.csproj", "{DE11B17F-F78D-41EE-93BC-562698BFFB2C}"
EndProject
Project("{2150E333-8FDC-42A3-9474-1A3956D46DE8}") = "FileDemo3", "FileDemo3", "{3016E35B-5A3A-41F1-925C-1DDD36E24222}"
EndProject
Project("{9A19103F-16F7-4668-BE54-9A1E7A4F7556}") = "FileDemo3Library", "FileDemo3Library\FileDemo3Library.csproj", "{8A3F15A5-4E04-43DE-9D6C-441E0E6C1A46}"
EndProject
Project("{9A19103F-16F7-4668-BE54-9A1E7A4F7556}") = "FileDemo3Server", "FileDemo3Server\FileDemo3Server.csproj", "{7E8B5729-6831-44F8-849F-E24B9B0CDD0C}"
EndProject
Project("{9A19103F-16F7-4668-BE54-9A1E7A4F7556}") = "FileDemo3Client", "FileDemo3Client\FileDemo3Client.csproj", "{0A874550-7902-4A48-BB61-26C79EEAFA8B}"
EndProject
Project("{2150E333-8FDC-42A3-9474-1A3956D46DE8}") = "Configuration", "Configuration", "{51CEEEFC-4A7D-4275-B9B7-0333E968E0D8}"
EndProject
Project("{9A19103F-16F7-4668-BE54-9A1E7A4F7556}") = "ConfigurationDemo", "Configuration\ConfigurationDemo\ConfigurationDemo.csproj", "{5978E0DD-5A97-4A9C-8F70-E9523CB09C97}"
EndProject
Project("{9A19103F-16F7-4668-BE54-9A1E7A4F7556}") = "ConfigurationDemo2", "Configuration\ConfigurationDemo2\ConfigurationDemo2.csproj", "{14683A54-EE15-43F4-B4C9-02DC27916A10}"
EndProject
Project("{2150E333-8FDC-42A3-9474-1A3956D46DE8}") = "Logging", "Logging", "{55494332-4787-49EF-9F52-C15B8D491960}"
EndProject
Project("{9A19103F-16F7-4668-BE54-9A1E7A4F7556}") = "LoggingDemo1", "Logging\LoggingDemo1\LoggingDemo1.csproj", "{74F8BDB1-A137-4854-B1B4-24AB482E385C}"
EndProject
Project("{2150E333-8FDC-42A3-9474-1A3956D46DE8}") = "Pipeline", "Pipeline", "{F48CA199-DC06-4647-9122-C5233F927EDA}"
EndProject
Project("{9A19103F-16F7-4668-BE54-9A1E7A4F7556}") = "SimplePipeline", "Pipeline\SimplePipeline\SimplePipeline.csproj", "{D2CD6B11-9465-4880-902A-D56638102CCB}"
EndProject
Global
	GlobalSection(SolutionConfigurationPlatforms) = preSolution
		Debug|Any CPU = Debug|Any CPU
		Release|Any CPU = Release|Any CPU
	EndGlobalSection
	GlobalSection(ProjectConfigurationPlatforms) = postSolution
		{EEB7E905-BD59-4CB5-88DA-447905AB2D0E}.Debug|Any CPU.ActiveCfg = Debug|Any CPU
		{EEB7E905-BD59-4CB5-88DA-447905AB2D0E}.Debug|Any CPU.Build.0 = Debug|Any CPU
		{EEB7E905-BD59-4CB5-88DA-447905AB2D0E}.Release|Any CPU.ActiveCfg = Release|Any CPU
		{EEB7E905-BD59-4CB5-88DA-447905AB2D0E}.Release|Any CPU.Build.0 = Release|Any CPU
		{8FBFCA20-99EA-49E2-8AA4-E3F58FB27F32}.Debug|Any CPU.ActiveCfg = Debug|Any CPU
		{8FBFCA20-99EA-49E2-8AA4-E3F58FB27F32}.Debug|Any CPU.Build.0 = Debug|Any CPU
		{8FBFCA20-99EA-49E2-8AA4-E3F58FB27F32}.Release|Any CPU.ActiveCfg = Release|Any CPU
		{8FBFCA20-99EA-49E2-8AA4-E3F58FB27F32}.Release|Any CPU.Build.0 = Release|Any CPU
		{37DEF600-AA91-469D-A8B9-505F4FB7719E}.Debug|Any CPU.ActiveCfg = Debug|Any CPU
		{37DEF600-AA91-469D-A8B9-505F4FB7719E}.Debug|Any CPU.Build.0 = Debug|Any CPU
		{37DEF600-AA91-469D-A8B9-505F4FB7719E}.Release|Any CPU.ActiveCfg = Release|Any CPU
		{37DEF600-AA91-469D-A8B9-505F4FB7719E}.Release|Any CPU.Build.0 = Release|Any CPU
		{EB2D9CDB-2DB5-4ADE-8C2C-B59E29E3B1C8}.Debug|Any CPU.ActiveCfg = Debug|Any CPU
		{EB2D9CDB-2DB5-4ADE-8C2C-B59E29E3B1C8}.Debug|Any CPU.Build.0 = Debug|Any CPU
		{EB2D9CDB-2DB5-4ADE-8C2C-B59E29E3B1C8}.Release|Any CPU.ActiveCfg = Release|Any CPU
		{EB2D9CDB-2DB5-4ADE-8C2C-B59E29E3B1C8}.Release|Any CPU.Build.0 = Release|Any CPU
		{17002CC1-B1E7-44B3-A7F3-EC75367798B8}.Debug|Any CPU.ActiveCfg = Debug|Any CPU
		{17002CC1-B1E7-44B3-A7F3-EC75367798B8}.Debug|Any CPU.Build.0 = Debug|Any CPU
		{17002CC1-B1E7-44B3-A7F3-EC75367798B8}.Release|Any CPU.ActiveCfg = Release|Any CPU
		{17002CC1-B1E7-44B3-A7F3-EC75367798B8}.Release|Any CPU.Build.0 = Release|Any CPU
		{92178D86-5BD1-49B2-97EE-ABBB4EECA8AC}.Debug|Any CPU.ActiveCfg = Debug|Any CPU
		{92178D86-5BD1-49B2-97EE-ABBB4EECA8AC}.Debug|Any CPU.Build.0 = Debug|Any CPU
		{92178D86-5BD1-49B2-97EE-ABBB4EECA8AC}.Release|Any CPU.ActiveCfg = Release|Any CPU
		{92178D86-5BD1-49B2-97EE-ABBB4EECA8AC}.Release|Any CPU.Build.0 = Release|Any CPU
		{C5BB0D69-8C03-434B-A375-8C5D846A8954}.Debug|Any CPU.ActiveCfg = Debug|Any CPU
		{C5BB0D69-8C03-434B-A375-8C5D846A8954}.Debug|Any CPU.Build.0 = Debug|Any CPU
		{C5BB0D69-8C03-434B-A375-8C5D846A8954}.Release|Any CPU.ActiveCfg = Release|Any CPU
		{C5BB0D69-8C03-434B-A375-8C5D846A8954}.Release|Any CPU.Build.0 = Release|Any CPU
		{DE11B17F-F78D-41EE-93BC-562698BFFB2C}.Debug|Any CPU.ActiveCfg = Debug|Any CPU
		{DE11B17F-F78D-41EE-93BC-562698BFFB2C}.Debug|Any CPU.Build.0 = Debug|Any CPU
		{DE11B17F-F78D-41EE-93BC-562698BFFB2C}.Release|Any CPU.ActiveCfg = Release|Any CPU
		{DE11B17F-F78D-41EE-93BC-562698BFFB2C}.Release|Any CPU.Build.0 = Release|Any CPU
		{8A3F15A5-4E04-43DE-9D6C-441E0E6C1A46}.Debug|Any CPU.ActiveCfg = Debug|Any CPU
		{8A3F15A5-4E04-43DE-9D6C-441E0E6C1A46}.Debug|Any CPU.Build.0 = Debug|Any CPU
		{8A3F15A5-4E04-43DE-9D6C-441E0E6C1A46}.Release|Any CPU.ActiveCfg = Release|Any CPU
		{8A3F15A5-4E04-43DE-9D6C-441E0E6C1A46}.Release|Any CPU.Build.0 = Release|Any CPU
		{7E8B5729-6831-44F8-849F-E24B9B0CDD0C}.Debug|Any CPU.ActiveCfg = Debug|Any CPU
		{7E8B5729-6831-44F8-849F-E24B9B0CDD0C}.Debug|Any CPU.Build.0 = Debug|Any CPU
		{7E8B5729-6831-44F8-849F-E24B9B0CDD0C}.Release|Any CPU.ActiveCfg = Release|Any CPU
		{7E8B5729-6831-44F8-849F-E24B9B0CDD0C}.Release|Any CPU.Build.0 = Release|Any CPU
		{0A874550-7902-4A48-BB61-26C79EEAFA8B}.Debug|Any CPU.ActiveCfg = Debug|Any CPU
		{0A874550-7902-4A48-BB61-26C79EEAFA8B}.Debug|Any CPU.Build.0 = Debug|Any CPU
		{0A874550-7902-4A48-BB61-26C79EEAFA8B}.Release|Any CPU.ActiveCfg = Release|Any CPU
		{0A874550-7902-4A48-BB61-26C79EEAFA8B}.Release|Any CPU.Build.0 = Release|Any CPU
		{5978E0DD-5A97-4A9C-8F70-E9523CB09C97}.Debug|Any CPU.ActiveCfg = Debug|Any CPU
		{5978E0DD-5A97-4A9C-8F70-E9523CB09C97}.Debug|Any CPU.Build.0 = Debug|Any CPU
		{5978E0DD-5A97-4A9C-8F70-E9523CB09C97}.Release|Any CPU.ActiveCfg = Release|Any CPU
		{5978E0DD-5A97-4A9C-8F70-E9523CB09C97}.Release|Any CPU.Build.0 = Release|Any CPU
		{14683A54-EE15-43F4-B4C9-02DC27916A10}.Debug|Any CPU.ActiveCfg = Debug|Any CPU
		{14683A54-EE15-43F4-B4C9-02DC27916A10}.Debug|Any CPU.Build.0 = Debug|Any CPU
		{14683A54-EE15-43F4-B4C9-02DC27916A10}.Release|Any CPU.ActiveCfg = Release|Any CPU
		{14683A54-EE15-43F4-B4C9-02DC27916A10}.Release|Any CPU.Build.0 = Release|Any CPU
		{74F8BDB1-A137-4854-B1B4-24AB482E385C}.Debug|Any CPU.ActiveCfg = Debug|Any CPU
		{74F8BDB1-A137-4854-B1B4-24AB482E385C}.Debug|Any CPU.Build.0 = Debug|Any CPU
		{74F8BDB1-A137-4854-B1B4-24AB482E385C}.Release|Any CPU.ActiveCfg = Release|Any CPU
		{74F8BDB1-A137-4854-B1B4-24AB482E385C}.Release|Any CPU.Build.0 = Release|Any CPU
		{D2CD6B11-9465-4880-902A-D56638102CCB}.Debug|Any CPU.ActiveCfg = Debug|Any CPU
		{D2CD6B11-9465-4880-902A-D56638102CCB}.Debug|Any CPU.Build.0 = Debug|Any CPU
		{D2CD6B11-9465-4880-902A-D56638102CCB}.Release|Any CPU.ActiveCfg = Release|Any CPU
		{D2CD6B11-9465-4880-902A-D56638102CCB}.Release|Any CPU.Build.0 = Release|Any CPU
	EndGlobalSection
	GlobalSection(SolutionProperties) = preSolution
		HideSolutionNode = FALSE
	EndGlobalSection
	GlobalSection(NestedProjects) = preSolution
		{EEB7E905-BD59-4CB5-88DA-447905AB2D0E} = {669A410C-C70B-4584-8EA2-7F3CA53B25D0}
		{8FBFCA20-99EA-49E2-8AA4-E3F58FB27F32} = {669A410C-C70B-4584-8EA2-7F3CA53B25D0}
		{37DEF600-AA91-469D-A8B9-505F4FB7719E} = {669A410C-C70B-4584-8EA2-7F3CA53B25D0}
		{EB2D9CDB-2DB5-4ADE-8C2C-B59E29E3B1C8} = {669A410C-C70B-4584-8EA2-7F3CA53B25D0}
		{17002CC1-B1E7-44B3-A7F3-EC75367798B8} = {BA8854EA-133B-412B-8B9E-BE0650D5F463}
		{92178D86-5BD1-49B2-97EE-ABBB4EECA8AC} = {BA8854EA-133B-412B-8B9E-BE0650D5F463}
		{C5BB0D69-8C03-434B-A375-8C5D846A8954} = {8AAD42EA-F85B-4E56-835F-3F46C2EE1853}
		{DE11B17F-F78D-41EE-93BC-562698BFFB2C} = {8AAD42EA-F85B-4E56-835F-3F46C2EE1853}
		{3016E35B-5A3A-41F1-925C-1DDD36E24222} = {8AAD42EA-F85B-4E56-835F-3F46C2EE1853}
		{8A3F15A5-4E04-43DE-9D6C-441E0E6C1A46} = {3016E35B-5A3A-41F1-925C-1DDD36E24222}
		{7E8B5729-6831-44F8-849F-E24B9B0CDD0C} = {3016E35B-5A3A-41F1-925C-1DDD36E24222}
		{0A874550-7902-4A48-BB61-26C79EEAFA8B} = {3016E35B-5A3A-41F1-925C-1DDD36E24222}
		{5978E0DD-5A97-4A9C-8F70-E9523CB09C97} = {51CEEEFC-4A7D-4275-B9B7-0333E968E0D8}
		{14683A54-EE15-43F4-B4C9-02DC27916A10} = {51CEEEFC-4A7D-4275-B9B7-0333E968E0D8}
		{74F8BDB1-A137-4854-B1B4-24AB482E385C} = {55494332-4787-49EF-9F52-C15B8D491960}
		{D2CD6B11-9465-4880-902A-D56638102CCB} = {F48CA199-DC06-4647-9122-C5233F927EDA}
	EndGlobalSection
	GlobalSection(ExtensibilityGlobals) = postSolution
		SolutionGuid = {BDAF6AD9-45DC-43E5-AAAB-4D8EDB5A1B3D}
	EndGlobalSection
EndGlobal
